
Microsoft Visual Studio Solution File, Format Version 12.00
# Visual Studio Version 16
VisualStudioVersion = 16.0.30011.22
MinimumVisualStudioVersion = 10.0.40219.1
Project("{FAE04EC0-301F-11D3-BF4B-00C04F79EFBC}") = "ConsoleGraphTheory", "ConsoleGraphTheory\ConsoleGraphTheory.csproj", "{ECD223C3-778D-4F95-A64C-5CA9F0C9DF85}"
EndProject
Global
	GlobalSection(SolutionConfigurationPlatforms) = preSolution
		Debug|Any CPU = Debug|Any CPU
		Release|Any CPU = Release|Any CPU
	EndGlobalSection
	GlobalSection(ProjectConfigurationPlatforms) = postSolution
		{ECD223C3-778D-4F95-A64C-5CA9F0C9DF85}.Debug|Any CPU.ActiveCfg = Debug|Any CPU
		{ECD223C3-778D-4F95-A64C-5CA9F0C9DF85}.Debug|Any CPU.Build.0 = Debug|Any CPU
		{ECD223C3-778D-4F95-A64C-5CA9F0C9DF85}.Release|Any CPU.ActiveCfg = Release|Any CPU
		{ECD223C3-778D-4F95-A64C-5CA9F0C9DF85}.Release|Any CPU.Build.0 = Release|Any CPU
	EndGlobalSection
	GlobalSection(SolutionProperties) = preSolution
		HideSolutionNode = FALSE
	EndGlobalSection
	GlobalSection(ExtensibilityGlobals) = postSolution
		SolutionGuid = {F15B9B79-86DB-4562-A33C-EEF5EDA050D8}
	EndGlobalSection
EndGlobal
